
Microsoft Visual Studio Solution File, Format Version 12.00
# Visual Studio 15
VisualStudioVersion = 15.0.28010.2046
MinimumVisualStudioVersion = 10.0.40219.1
Project("{FAE04EC0-301F-11D3-BF4B-00C04F79EFBC}") = "TigerSpike.API", "TigerSpike_AB\TigerSpike.API.csproj", "{B5BFFD4C-C8D9-4AD5-A03A-F8E9703EC51A}"
	ProjectSection(ProjectDependencies) = postProject
		{FADAF8AF-A135-4E5F-944C-D509E9775257} = {FADAF8AF-A135-4E5F-944C-D509E9775257}
	EndProjectSection
EndProject
Project("{2150E333-8FDC-42A3-9474-1A3956D46DE8}") = "API", "API", "{F963FF7E-7B0B-4F27-9621-1508BE4C74FD}"
EndProject
Project("{2150E333-8FDC-42A3-9474-1A3956D46DE8}") = "Components", "Components", "{8055A2DA-628C-40F0-817A-6A815D569406}"
EndProject
Project("{FAE04EC0-301F-11D3-BF4B-00C04F79EFBC}") = "TigerSpike.Data", "TigerSpike.Data\TigerSpike.Data.csproj", "{FADAF8AF-A135-4E5F-944C-D509E9775257}"
	ProjectSection(ProjectDependencies) = postProject
		{0CE41A3B-7A51-400F-B2D5-165DF0BF9D85} = {0CE41A3B-7A51-400F-B2D5-165DF0BF9D85}
		{1E50C5A0-35A2-4CF7-9E9C-13CDB8B4FD75} = {1E50C5A0-35A2-4CF7-9E9C-13CDB8B4FD75}
	EndProjectSection
EndProject
Project("{FAE04EC0-301F-11D3-BF4B-00C04F79EFBC}") = "TigerSpike.Entities", "TigerSpike.Entities\TigerSpike.Entities.csproj", "{1E50C5A0-35A2-4CF7-9E9C-13CDB8B4FD75}"
EndProject
Project("{FAE04EC0-301F-11D3-BF4B-00C04F79EFBC}") = "TigerSpike.Interface", "TigerSpike.Interface\TigerSpike.Interface.csproj", "{0CE41A3B-7A51-400F-B2D5-165DF0BF9D85}"
EndProject
Project("{FAE04EC0-301F-11D3-BF4B-00C04F79EFBC}") = "TigerSpike.Core", "TigerSpike.Core\TigerSpike.Core.csproj", "{22FA2608-449D-47A4-9638-A8CCC007CA77}"
EndProject
Project("{2150E333-8FDC-42A3-9474-1A3956D46DE8}") = "Tests", "Tests", "{A4ABBBFE-05E2-479A-8F2B-5A00CC1D76AC}"
EndProject
Project("{FAE04EC0-301F-11D3-BF4B-00C04F79EFBC}") = "TigerSpike.Tests", "TigerSpike.Tests\TigerSpike.Tests.csproj", "{7415B71A-BBD4-49D4-A0AE-76BCD0724384}"
EndProject
Global
	GlobalSection(SolutionConfigurationPlatforms) = preSolution
		Debug|Any CPU = Debug|Any CPU
		Release|Any CPU = Release|Any CPU
	EndGlobalSection
	GlobalSection(ProjectConfigurationPlatforms) = postSolution
		{B5BFFD4C-C8D9-4AD5-A03A-F8E9703EC51A}.Debug|Any CPU.ActiveCfg = Debug|Any CPU
		{B5BFFD4C-C8D9-4AD5-A03A-F8E9703EC51A}.Debug|Any CPU.Build.0 = Debug|Any CPU
		{B5BFFD4C-C8D9-4AD5-A03A-F8E9703EC51A}.Release|Any CPU.ActiveCfg = Release|Any CPU
		{B5BFFD4C-C8D9-4AD5-A03A-F8E9703EC51A}.Release|Any CPU.Build.0 = Release|Any CPU
		{FADAF8AF-A135-4E5F-944C-D509E9775257}.Debug|Any CPU.ActiveCfg = Debug|Any CPU
		{FADAF8AF-A135-4E5F-944C-D509E9775257}.Debug|Any CPU.Build.0 = Debug|Any CPU
		{FADAF8AF-A135-4E5F-944C-D509E9775257}.Release|Any CPU.ActiveCfg = Release|Any CPU
		{FADAF8AF-A135-4E5F-944C-D509E9775257}.Release|Any CPU.Build.0 = Release|Any CPU
		{1E50C5A0-35A2-4CF7-9E9C-13CDB8B4FD75}.Debug|Any CPU.ActiveCfg = Debug|Any CPU
		{1E50C5A0-35A2-4CF7-9E9C-13CDB8B4FD75}.Debug|Any CPU.Build.0 = Debug|Any CPU
		{1E50C5A0-35A2-4CF7-9E9C-13CDB8B4FD75}.Release|Any CPU.ActiveCfg = Release|Any CPU
		{1E50C5A0-35A2-4CF7-9E9C-13CDB8B4FD75}.Release|Any CPU.Build.0 = Release|Any CPU
		{0CE41A3B-7A51-400F-B2D5-165DF0BF9D85}.Debug|Any CPU.ActiveCfg = Debug|Any CPU
		{0CE41A3B-7A51-400F-B2D5-165DF0BF9D85}.Debug|Any CPU.Build.0 = Debug|Any CPU
		{0CE41A3B-7A51-400F-B2D5-165DF0BF9D85}.Release|Any CPU.ActiveCfg = Release|Any CPU
		{0CE41A3B-7A51-400F-B2D5-165DF0BF9D85}.Release|Any CPU.Build.0 = Release|Any CPU
		{22FA2608-449D-47A4-9638-A8CCC007CA77}.Debug|Any CPU.ActiveCfg = Debug|Any CPU
		{22FA2608-449D-47A4-9638-A8CCC007CA77}.Debug|Any CPU.Build.0 = Debug|Any CPU
		{22FA2608-449D-47A4-9638-A8CCC007CA77}.Release|Any CPU.ActiveCfg = Release|Any CPU
		{22FA2608-449D-47A4-9638-A8CCC007CA77}.Release|Any CPU.Build.0 = Release|Any CPU
		{7415B71A-BBD4-49D4-A0AE-76BCD0724384}.Debug|Any CPU.ActiveCfg = Debug|Any CPU
		{7415B71A-BBD4-49D4-A0AE-76BCD0724384}.Debug|Any CPU.Build.0 = Debug|Any CPU
		{7415B71A-BBD4-49D4-A0AE-76BCD0724384}.Release|Any CPU.ActiveCfg = Release|Any CPU
		{7415B71A-BBD4-49D4-A0AE-76BCD0724384}.Release|Any CPU.Build.0 = Release|Any CPU
	EndGlobalSection
	GlobalSection(SolutionProperties) = preSolution
		HideSolutionNode = FALSE
	EndGlobalSection
	GlobalSection(NestedProjects) = preSolution
		{B5BFFD4C-C8D9-4AD5-A03A-F8E9703EC51A} = {F963FF7E-7B0B-4F27-9621-1508BE4C74FD}
		{FADAF8AF-A135-4E5F-944C-D509E9775257} = {8055A2DA-628C-40F0-817A-6A815D569406}
		{1E50C5A0-35A2-4CF7-9E9C-13CDB8B4FD75} = {8055A2DA-628C-40F0-817A-6A815D569406}
		{0CE41A3B-7A51-400F-B2D5-165DF0BF9D85} = {8055A2DA-628C-40F0-817A-6A815D569406}
		{22FA2608-449D-47A4-9638-A8CCC007CA77} = {8055A2DA-628C-40F0-817A-6A815D569406}
		{7415B71A-BBD4-49D4-A0AE-76BCD0724384} = {A4ABBBFE-05E2-479A-8F2B-5A00CC1D76AC}
	EndGlobalSection
	GlobalSection(ExtensibilityGlobals) = postSolution
		SolutionGuid = {55A29494-46B9-409F-B0A1-0510718907CD}
	EndGlobalSection
EndGlobal
